{
  "name": "guijige-new",
  "version": "1.0.0",
  "lockfileVersion": 3,
  "requires": true,
  "packages": {
    "": {
      "name": "guijige-new",
      "version": "1.0.0",
      "license": "ISC",
      "devDependencies": {
        "@ohos/hypium": "^1.0.13"
      }
    },
    "node_modules/@ohos/hypium": {
      "version": "1.0.13",
      "resolved": "https://registry.npmjs.org/@ohos/hypium/-/hypium-1.0.13.tgz",
      "integrity": "sha512-d0+XvDeAYk5Vgl6JQ8Q1G+NPmTyJI8qgZ1PwPfcUbx/dfyKVAAv9lz1XtVNhYypyWEKqAzu8zMAC9GuHo2Y53Q==",
      "dev": true,
      "license": "Apache-2.0"
    }
  }
}
